// !$*UTF8*$!
{
	archiveVersion = 1;
	classes = {
	};
	objectVersion = 46;
	objects = {

/* Begin PBXBuildFile section */
		74D5A53B1C9DE5F900FE1F47 /* Database.cpp in Sources */ = {isa = PBXBuildFile; fileRef = 74D5A5341C9DE5F900FE1F47 /* Database.cpp */; };
		74D5A53D1C9DE5F900FE1F47 /* Student.cpp in Sources */ = {isa = PBXBuildFile; fileRef = 74D5A5391C9DE5F900FE1F47 /* Student.cpp */; };
		74D5A5421C9E618B00FE1F47 /* main.cpp in Sources */ = {isa = PBXBuildFile; fileRef = 74D5A5411C9E618B00FE1F47 /* main.cpp */; };
/* End PBXBuildFile section */

/* Begin PBXCopyFilesBuildPhase section */
		74D5A5281C9DE5AE00FE1F47 /* CopyFiles */ = {
			isa = PBXCopyFilesBuildPhase;
			buildActionMask = 2147483647;
			dstPath = /usr/share/man/man1/;
			dstSubfolderSpec = 0;
			files = (
			);
			runOnlyForDeploymentPostprocessing = 1;
		};
/* End PBXCopyFilesBuildPhase section */

/* Begin PBXFileReference section */
		74D5A52A1C9DE5AE00FE1F47 /* studentdb */ = {isa = PBXFileReference; explicitFileType = "compiled.mach-o.executable"; includeInIndex = 0; path = studentdb; sourceTree = BUILT_PRODUCTS_DIR; };
		74D5A5341C9DE5F900FE1F47 /* Database.cpp */ = {isa = PBXFileReference; fileEncoding = 4; lastKnownFileType = sourcecode.cpp.cpp; path = Database.cpp; sourceTree = "<group>"; };
		74D5A5351C9DE5F900FE1F47 /* Database.h */ = {isa = PBXFileReference; fileEncoding = 4; lastKnownFileType = sourcecode.c.h; path = Database.h; sourceTree = "<group>"; };
		74D5A5361C9DE5F900FE1F47 /* Input.txt */ = {isa = PBXFileReference; fileEncoding = 4; lastKnownFileType = text; path = Input.txt; sourceTree = "<group>"; };
		74D5A5381C9DE5F900FE1F47 /* Makefile.txt */ = {isa = PBXFileReference; fileEncoding = 4; lastKnownFileType = text; path = Makefile.txt; sourceTree = "<group>"; };
		74D5A5391C9DE5F900FE1F47 /* Student.cpp */ = {isa = PBXFileReference; fileEncoding = 4; lastKnownFileType = sourcecode.cpp.cpp; path = Student.cpp; sourceTree = "<group>"; };
		74D5A53A1C9DE5F900FE1F47 /* Student.h */ = {isa = PBXFileReference; fileEncoding = 4; lastKnownFileType = sourcecode.c.h; path = Student.h; sourceTree = "<group>"; };
		74D5A5411C9E618B00FE1F47 /* main.cpp */ = {isa = PBXFileReference; fileEncoding = 4; lastKnownFileType = sourcecode.cpp.cpp; name = main.cpp; path = ../main.cpp; sourceTree = "<group>"; };
/* End PBXFileReference section */

/* Begin PBXFrameworksBuildPhase section */
		74D5A5271C9DE5AE00FE1F47 /* Frameworks */ = {
			isa = PBXFrameworksBuildPhase;
			buildActionMask = 2147483647;
			files = (
			);
			runOnlyForDeploymentPostprocessing = 0;
		};
/* End PBXFrameworksBuildPhase section */

/* Begin PBXGroup section */
		74D5A5211C9DE5AE00FE1F47 = {
			isa = PBXGroup;
			children = (
				74D5A52C1C9DE5AE00FE1F47 /* studentdb */,
				74D5A52B1C9DE5AE00FE1F47 /* Products */,
			);
			sourceTree = "<group>";
		};
		74D5A52B1C9DE5AE00FE1F47 /* Products */ = {
			isa = PBXGroup;
			children = (
				74D5A52A1C9DE5AE00FE1F47 /* studentdb */,
			);
			name = Products;
			sourceTree = "<group>";
		};
		74D5A52C1C9DE5AE00FE1F47 /* studentdb */ = {
			isa = PBXGroup;
			children = (
				74D5A5411C9E618B00FE1F47 /* main.cpp */,
				74D5A5341C9DE5F900FE1F47 /* Database.cpp */,
				74D5A5351C9DE5F900FE1F47 /* Database.h */,
				74D5A5361C9DE5F900FE1F47 /* Input.txt */,
				74D5A5381C9DE5F900FE1F47 /* Makefile.txt */,
				74D5A5391C9DE5F900FE1F47 /* Student.cpp */,
				74D5A53A1C9DE5F900FE1F47 /* Student.h */,
			);
			path = studentdb;
			sourceTree = "<group>";
		};
/* End PBXGroup section */

/* Begin PBXNativeTarget section */
		74D5A5291C9DE5AE00FE1F47 /* studentdb */ = {
			isa = PBXNativeTarget;
			buildConfigurationList = 74D5A5311C9DE5AE00FE1F47 /* Build configuration list for PBXNativeTarget "studentdb" */;
			buildPhases = (
				74D5A5261C9DE5AE00FE1F47 /* Sources */,
				74D5A5271C9DE5AE00FE1F47 /* Frameworks */,
				74D5A5281C9DE5AE00FE1F47 /* CopyFiles */,
			);
			buildRules = (
			);
			dependencies = (
			);
			name = studentdb;
			productName = studentdb;
			productReference = 74D5A52A1C9DE5AE00FE1F47 /* studentdb */;
			productType = "com.apple.product-type.tool";
		};
/* End PBXNativeTarget section */

/* Begin PBXProject section */
		74D5A5221C9DE5AE00FE1F47 /* Project object */ = {
			isa = PBXProject;
			attributes = {
				LastUpgradeCheck = 0710;
				ORGANIZATIONNAME = BDM;
				TargetAttributes = {
					74D5A5291C9DE5AE00FE1F47 = {
						CreatedOnToolsVersion = 7.1;
					};
				};
			};
			buildConfigurationList = 74D5A5251C9DE5AE00FE1F47 /* Build configuration list for PBXProject "studentdb" */;
			compatibilityVersion = "Xcode 3.2";
			developmentRegion = English;
			hasScannedForEncodings = 0;
			knownRegions = (
				en,
			);
			mainGroup = 74D5A5211C9DE5AE00FE1F47;
			productRefGroup = 74D5A52B1C9DE5AE00FE1F47 /* Products */;
			projectDirPath = "";
			projectRoot = "";
			targets = (
				74D5A5291C9DE5AE00FE1F47 /* studentdb */,
			);
		};
/* End PBXProject section */

/* Begin PBXSourcesBuildPhase section */
		74D5A5261C9DE5AE00FE1F47 /* Sources */ = {
			isa = PBXSourcesBuildPhase;
			buildActionMask = 2147483647;
			files = (
				74D5A53B1C9DE5F900FE1F47 /* Database.cpp in Sources */,
				74D5A53D1C9DE5F900FE1F47 /* Student.cpp in Sources */,
				74D5A5421C9E618B00FE1F47 /* main.cpp in Sources */,
			);
			runOnlyForDeploymentPostprocessing = 0;
		};
/* End PBXSourcesBuildPhase section */

/* Begin XCBuildConfiguration section */
		74D5A52F1C9DE5AE00FE1F47 /* Debug */ = {
			isa = XCBuildConfiguration;
			buildSettings = {
				ALWAYS_SEARCH_USER_PATHS = NO;
				CLANG_CXX_LANGUAGE_STANDARD = "gnu++0x";
				CLANG_CXX_LIBRARY = "libc++";
				CLANG_ENABLE_MODULES = YES;
				CLANG_ENABLE_OBJC_ARC = YES;
				CLANG_WARN_BOOL_CONVERSION = YES;
				CLANG_WARN_CONSTANT_CONVERSION = YES;
				CLANG_WARN_DIRECT_OBJC_ISA_USAGE = YES_ERROR;
				CLANG_WARN_EMPTY_BODY = YES;
				CLANG_WARN_ENUM_CONVERSION = YES;
				CLANG_WARN_INT_CONVERSION = YES;
				CLANG_WARN_OBJC_ROOT_CLASS = YES_ERROR;
				CLANG_WARN_UNREACHABLE_CODE = YES;
				CLANG_WARN__DUPLICATE_METHOD_MATCH = YES;
				CODE_SIGN_IDENTITY = "-";
				COPY_PHASE_STRIP = NO;
				DEBUG_INFORMATION_FORMAT = dwarf;
				ENABLE_STRICT_OBJC_MSGSEND = YES;
				ENABLE_TESTABILITY = YES;
				GCC_C_LANGUAGE_STANDARD = gnu99;
				GCC_DYNAMIC_NO_PIC = NO;
				GCC_NO_COMMON_BLOCKS = YES;
				GCC_OPTIMIZATION_LEVEL = 0;
				GCC_PREPROCESSOR_DEFINITIONS = (
					"DEBUG=1",
					"$(inherited)",
				);
				GCC_WARN_64_TO_32_BIT_CONVERSION = YES;
				GCC_WARN_ABOUT_RETURN_TYPE = YES_ERROR;
				GCC_WARN_UNDECLARED_SELECTOR = YES;
				GCC_WARN_UNINITIALIZED_AUTOS = YES_AGGRESSIVE;
				GCC_WARN_UNUSED_FUNCTION = YES;
				GCC_WARN_UNUSED_VARIABLE = YES;
				MACOSX_DEPLOYMENT_TARGET = 10.11;
				MTL_ENABLE_DEBUG_INFO = YES;
				ONLY_ACTIVE_ARCH = YES;
				SDKROOT = macosx;
			};
			name = Debug;
		};
		74D5A5301C9DE5AE00FE1F47 /* Release */ = {
			isa = XCBuildConfiguration;
			buildSettings = {
				ALWAYS_SEARCH_USER_PATHS = NO;
				CLANG_CXX_LANGUAGE_STANDARD = "gnu++0x";
				CLANG_CXX_LIBRARY = "libc++";
				CLANG_ENABLE_MODULES = YES;
				CLANG_ENABLE_OBJC_ARC = YES;
				CLANG_WARN_BOOL_CONVERSION = YES;
				CLANG_WARN_CONSTANT_CONVERSION = YES;
				CLANG_WARN_DIRECT_OBJC_ISA_USAGE = YES_ERROR;
				CLANG_WARN_EMPTY_BODY = YES;
				CLANG_WARN_ENUM_CONVERSION = YES;
				CLANG_WARN_INT_CONVERSION = YES;
				CLANG_WARN_OBJC_ROOT_CLASS = YES_ERROR;
				CLANG_WARN_UNREACHABLE_CODE = YES;
				CLANG_WARN__DUPLICATE_METHOD_MATCH = YES;
				CODE_SIGN_IDENTITY = "-";
				COPY_PHASE_STRIP = NO;
				DEBUG_INFORMATION_FORMAT = "dwarf-with-dsym";
				ENABLE_NS_ASSERTIONS = NO;
				ENABLE_STRICT_OBJC_MSGSEND = YES;
				GCC_C_LANGUAGE_STANDARD = gnu99;
				GCC_NO_COMMON_BLOCKS = YES;
				GCC_WARN_64_TO_32_BIT_CONVERSION = YES;
				GCC_WARN_ABOUT_RETURN_TYPE = YES_ERROR;
				GCC_WARN_UNDECLARED_SELECTOR = YES;
				GCC_WARN_UNINITIALIZED_AUTOS = YES_AGGRESSIVE;
				GCC_WARN_UNUSED_FUNCTION = YES;
				GCC_WARN_UNUSED_VARIABLE = YES;
				MACOSX_DEPLOYMENT_TARGET = 10.11;
				MTL_ENABLE_DEBUG_INFO = NO;
				SDKROOT = macosx;
			};
			name = Release;
		};
		74D5A5321C9DE5AE00FE1F47 /* Debug */ = {
			isa = XCBuildConfiguration;
			buildSettings = {
				PRODUCT_NAME = "$(TARGET_NAME)";
			};
			name = Debug;
		};
		74D5A5331C9DE5AE00FE1F47 /* Release */ = {
			isa = XCBuildConfiguration;
			buildSettings = {
				PRODUCT_NAME = "$(TARGET_NAME)";
			};
			name = Release;
		};
/* End XCBuildConfiguration section */

/* Begin XCConfigurationList section */
		74D5A5251C9DE5AE00FE1F47 /* Build configuration list for PBXProject "studentdb" */ = {
			isa = XCConfigurationList;
			buildConfigurations = (
				74D5A52F1C9DE5AE00FE1F47 /* Debug */,
				74D5A5301C9DE5AE00FE1F47 /* Release */,
			);
			defaultConfigurationIsVisible = 0;
			defaultConfigurationName = Release;
		};
		74D5A5311C9DE5AE00FE1F47 /* Build configuration list for PBXNativeTarget "studentdb" */ = {
			isa = XCConfigurationList;
			buildConfigurations = (
				74D5A5321C9DE5AE00FE1F47 /* Debug */,
				74D5A5331C9DE5AE00FE1F47 /* Release */,
			);
			defaultConfigurationIsVisible = 0;
		};
/* End XCConfigurationList section */
	};
	rootObject = 74D5A5221C9DE5AE00FE1F47 /* Project object */;
}
